
Microsoft Visual Studio Solution File, Format Version 12.00
# Visual Studio Version 16
VisualStudioVersion = 16.0.30011.22
MinimumVisualStudioVersion = 10.0.40219.1
Project("{2150E333-8FDC-42A3-9474-1A3956D46DE8}") = "Application", "Application", "{F9B06DE6-3843-4950-9076-A53410B90D1C}"
EndProject
Project("{2150E333-8FDC-42A3-9474-1A3956D46DE8}") = "Plugins", "Plugins", "{80FBFE8B-75A6-4924-AE43-5D073763DBEC}"
EndProject
Project("{2150E333-8FDC-42A3-9474-1A3956D46DE8}") = "Common", "Common", "{FFA9FA1D-7EA3-4CE8-93D8-C1C3D3AB9D79}"
EndProject
Project("{2150E333-8FDC-42A3-9474-1A3956D46DE8}") = "UnitTest", "UnitTest", "{BBA9D863-2412-4905-B155-AD728330B34C}"
EndProject
Project("{2150E333-8FDC-42A3-9474-1A3956D46DE8}") = "Fundation", "Fundation", "{87D42184-1C22-4F9C-B7D0-6F29C7FC8DD6}"
EndProject
Project("{2150E333-8FDC-42A3-9474-1A3956D46DE8}") = "Business", "Business", "{018E53F7-9C25-4882-893B-E329C30D1785}"
EndProject
Project("{2150E333-8FDC-42A3-9474-1A3956D46DE8}") = "Core", "Core", "{145F3822-E479-432D-BE14-AFF7177B5D96}"
EndProject
Project("{2150E333-8FDC-42A3-9474-1A3956D46DE8}") = "Model", "Model", "{0E70AE08-D4B0-439F-8C16-D369EC2AC6D3}"
EndProject
Project("{2150E333-8FDC-42A3-9474-1A3956D46DE8}") = "Presenter", "Presenter", "{32D936EF-E772-471E-A452-5461C4C9C308}"
EndProject
Project("{2150E333-8FDC-42A3-9474-1A3956D46DE8}") = "View", "View", "{1335D42A-0355-47A2-ACF4-29804094EA75}"
EndProject
Project("{8BC9CEB8-8B4A-11D0-8D11-00A0C91BC942}") = "App", "Application\View\App.vcxproj", "{CD2E37CA-43A3-441F-BABC-802E5A6E2FE2}"
	ProjectSection(ProjectDependencies) = postProject
		{9E711015-AD53-41FA-9790-B12680C49CC9} = {9E711015-AD53-41FA-9790-B12680C49CC9}
		{55DE4278-3CF2-461A-B545-D3C81211BAC9} = {55DE4278-3CF2-461A-B545-D3C81211BAC9}
		{B4CAF387-3FCB-47FC-A7CA-EE363D31BB2F} = {B4CAF387-3FCB-47FC-A7CA-EE363D31BB2F}
		{9A67C5B4-E549-4533-81E3-78D76A495EB0} = {9A67C5B4-E549-4533-81E3-78D76A495EB0}
		{733A46C7-AF3F-4CC1-A06D-BD2773547D82} = {733A46C7-AF3F-4CC1-A06D-BD2773547D82}
	EndProjectSection
EndProject
Project("{8BC9CEB8-8B4A-11D0-8D11-00A0C91BC942}") = "LocalDB", "Application\Model\Plugins\Fundation\LocalDB\LocalDB.vcxproj", "{1C749C78-0BDC-4045-BCE0-5B22746C7838}"
	ProjectSection(ProjectDependencies) = postProject
		{B4CAF387-3FCB-47FC-A7CA-EE363D31BB2F} = {B4CAF387-3FCB-47FC-A7CA-EE363D31BB2F}
		{9A67C5B4-E549-4533-81E3-78D76A495EB0} = {9A67C5B4-E549-4533-81E3-78D76A495EB0}
		{733A46C7-AF3F-4CC1-A06D-BD2773547D82} = {733A46C7-AF3F-4CC1-A06D-BD2773547D82}
	EndProjectSection
EndProject
Project("{8BC9CEB8-8B4A-11D0-8D11-00A0C91BC942}") = "Player", "Application\Model\Plugins\Fundation\Player\Player.vcxproj", "{DE68ABAE-E596-4D89-962A-4ECFCAE309D6}"
	ProjectSection(ProjectDependencies) = postProject
		{B4CAF387-3FCB-47FC-A7CA-EE363D31BB2F} = {B4CAF387-3FCB-47FC-A7CA-EE363D31BB2F}
		{9A67C5B4-E549-4533-81E3-78D76A495EB0} = {9A67C5B4-E549-4533-81E3-78D76A495EB0}
		{733A46C7-AF3F-4CC1-A06D-BD2773547D82} = {733A46C7-AF3F-4CC1-A06D-BD2773547D82}
	EndProjectSection
EndProject
Project("{8BC9CEB8-8B4A-11D0-8D11-00A0C91BC942}") = "AppFramework", "Application\Model\Plugins\Core\AppFramework\AppFramework.vcxproj", "{55DE4278-3CF2-461A-B545-D3C81211BAC9}"
	ProjectSection(ProjectDependencies) = postProject
		{24EA6569-E117-4391-9537-5988A6DD0A62} = {24EA6569-E117-4391-9537-5988A6DD0A62}
		{B4CAF387-3FCB-47FC-A7CA-EE363D31BB2F} = {B4CAF387-3FCB-47FC-A7CA-EE363D31BB2F}
		{9A67C5B4-E549-4533-81E3-78D76A495EB0} = {9A67C5B4-E549-4533-81E3-78D76A495EB0}
		{733A46C7-AF3F-4CC1-A06D-BD2773547D82} = {733A46C7-AF3F-4CC1-A06D-BD2773547D82}
	EndProjectSection
EndProject
Project("{8BC9CEB8-8B4A-11D0-8D11-00A0C91BC942}") = "ApplicationContext", "Application\Model\Plugins\Core\ApplicationContext\ApplicationContext.vcxproj", "{24EA6569-E117-4391-9537-5988A6DD0A62}"
	ProjectSection(ProjectDependencies) = postProject
		{DD0DF367-0A55-44A3-BFF3-D55E9540A299} = {DD0DF367-0A55-44A3-BFF3-D55E9540A299}
		{B4CAF387-3FCB-47FC-A7CA-EE363D31BB2F} = {B4CAF387-3FCB-47FC-A7CA-EE363D31BB2F}
		{9A67C5B4-E549-4533-81E3-78D76A495EB0} = {9A67C5B4-E549-4533-81E3-78D76A495EB0}
		{733A46C7-AF3F-4CC1-A06D-BD2773547D82} = {733A46C7-AF3F-4CC1-A06D-BD2773547D82}
	EndProjectSection
EndProject
Project("{8BC9CEB8-8B4A-11D0-8D11-00A0C91BC942}") = "MicroCore", "Application\Model\Plugins\Core\MicroCore\MicroCore.vcxproj", "{DD0DF367-0A55-44A3-BFF3-D55E9540A299}"
	ProjectSection(ProjectDependencies) = postProject
		{70D7EF23-0845-47D4-8E0E-6B7C2DADD45E} = {70D7EF23-0845-47D4-8E0E-6B7C2DADD45E}
		{B4CAF387-3FCB-47FC-A7CA-EE363D31BB2F} = {B4CAF387-3FCB-47FC-A7CA-EE363D31BB2F}
		{9A67C5B4-E549-4533-81E3-78D76A495EB0} = {9A67C5B4-E549-4533-81E3-78D76A495EB0}
		{733A46C7-AF3F-4CC1-A06D-BD2773547D82} = {733A46C7-AF3F-4CC1-A06D-BD2773547D82}
	EndProjectSection
EndProject
Project("{8BC9CEB8-8B4A-11D0-8D11-00A0C91BC942}") = "PluginManager", "Application\Model\Plugins\Core\PluginManager\PluginManager.vcxproj", "{70D7EF23-0845-47D4-8E0E-6B7C2DADD45E}"
	ProjectSection(ProjectDependencies) = postProject
		{B4CAF387-3FCB-47FC-A7CA-EE363D31BB2F} = {B4CAF387-3FCB-47FC-A7CA-EE363D31BB2F}
		{9A67C5B4-E549-4533-81E3-78D76A495EB0} = {9A67C5B4-E549-4533-81E3-78D76A495EB0}
		{733A46C7-AF3F-4CC1-A06D-BD2773547D82} = {733A46C7-AF3F-4CC1-A06D-BD2773547D82}
	EndProjectSection
EndProject
Project("{8BC9CEB8-8B4A-11D0-8D11-00A0C91BC942}") = "Common", "Application\Common\Common\Common.vcxproj", "{733A46C7-AF3F-4CC1-A06D-BD2773547D82}"
	ProjectSection(ProjectDependencies) = postProject
		{B4CAF387-3FCB-47FC-A7CA-EE363D31BB2F} = {B4CAF387-3FCB-47FC-A7CA-EE363D31BB2F}
		{9A67C5B4-E549-4533-81E3-78D76A495EB0} = {9A67C5B4-E549-4533-81E3-78D76A495EB0}
	EndProjectSection
EndProject
Project("{8BC9CEB8-8B4A-11D0-8D11-00A0C91BC942}") = "Interface", "Application\Common\Interface\Interface.vcxproj", "{B4CAF387-3FCB-47FC-A7CA-EE363D31BB2F}"
EndProject
Project("{8BC9CEB8-8B4A-11D0-8D11-00A0C91BC942}") = "PluginLoader", "Application\Common\PluginLoader\PluginLoader.vcxproj", "{9A67C5B4-E549-4533-81E3-78D76A495EB0}"
EndProject
Project("{8BC9CEB8-8B4A-11D0-8D11-00A0C91BC942}") = "PluginPtr", "Application\Common\PluginPtr\PluginPtr.vcxproj", "{9E711015-AD53-41FA-9790-B12680C49CC9}"
	ProjectSection(ProjectDependencies) = postProject
		{55DE4278-3CF2-461A-B545-D3C81211BAC9} = {55DE4278-3CF2-461A-B545-D3C81211BAC9}
		{B4CAF387-3FCB-47FC-A7CA-EE363D31BB2F} = {B4CAF387-3FCB-47FC-A7CA-EE363D31BB2F}
	EndProjectSection
EndProject
Project("{8BC9CEB8-8B4A-11D0-8D11-00A0C91BC942}") = "Common_UnitTest", "Application\UnitTest\CommonUnitTest\CommonUnitTest.vcxproj", "{22738B8A-B93A-459A-87FE-0ACEAF14426F}"
	ProjectSection(ProjectDependencies) = postProject
		{9E711015-AD53-41FA-9790-B12680C49CC9} = {9E711015-AD53-41FA-9790-B12680C49CC9}
		{B4CAF387-3FCB-47FC-A7CA-EE363D31BB2F} = {B4CAF387-3FCB-47FC-A7CA-EE363D31BB2F}
		{9A67C5B4-E549-4533-81E3-78D76A495EB0} = {9A67C5B4-E549-4533-81E3-78D76A495EB0}
		{733A46C7-AF3F-4CC1-A06D-BD2773547D82} = {733A46C7-AF3F-4CC1-A06D-BD2773547D82}
	EndProjectSection
EndProject
Project("{8BC9CEB8-8B4A-11D0-8D11-00A0C91BC942}") = "Plugin_UnitTest", "Application\UnitTest\PluginUnitTest\PluginTest.vcxproj", "{22D883B3-124B-48D4-B6E7-C55466EF7179}"
	ProjectSection(ProjectDependencies) = postProject
		{9E711015-AD53-41FA-9790-B12680C49CC9} = {9E711015-AD53-41FA-9790-B12680C49CC9}
		{55DE4278-3CF2-461A-B545-D3C81211BAC9} = {55DE4278-3CF2-461A-B545-D3C81211BAC9}
		{1C749C78-0BDC-4045-BCE0-5B22746C7838} = {1C749C78-0BDC-4045-BCE0-5B22746C7838}
		{B4CAF387-3FCB-47FC-A7CA-EE363D31BB2F} = {B4CAF387-3FCB-47FC-A7CA-EE363D31BB2F}
		{DE68ABAE-E596-4D89-962A-4ECFCAE309D6} = {DE68ABAE-E596-4D89-962A-4ECFCAE309D6}
		{9A67C5B4-E549-4533-81E3-78D76A495EB0} = {9A67C5B4-E549-4533-81E3-78D76A495EB0}
		{733A46C7-AF3F-4CC1-A06D-BD2773547D82} = {733A46C7-AF3F-4CC1-A06D-BD2773547D82}
	EndProjectSection
EndProject
Global
	GlobalSection(SolutionConfigurationPlatforms) = preSolution
		Debug|Win32 = Debug|Win32
		Debug|x64 = Debug|x64
		Release|Win32 = Release|Win32
		Release|x64 = Release|x64
	EndGlobalSection
	GlobalSection(ProjectConfigurationPlatforms) = postSolution
		{CD2E37CA-43A3-441F-BABC-802E5A6E2FE2}.Debug|Win32.ActiveCfg = Debug|Win32
		{CD2E37CA-43A3-441F-BABC-802E5A6E2FE2}.Debug|Win32.Build.0 = Debug|Win32
		{CD2E37CA-43A3-441F-BABC-802E5A6E2FE2}.Debug|x64.ActiveCfg = Debug|x64
		{CD2E37CA-43A3-441F-BABC-802E5A6E2FE2}.Debug|x64.Build.0 = Debug|x64
		{CD2E37CA-43A3-441F-BABC-802E5A6E2FE2}.Release|Win32.ActiveCfg = Release|Win32
		{CD2E37CA-43A3-441F-BABC-802E5A6E2FE2}.Release|Win32.Build.0 = Release|Win32
		{CD2E37CA-43A3-441F-BABC-802E5A6E2FE2}.Release|x64.ActiveCfg = Release|x64
		{CD2E37CA-43A3-441F-BABC-802E5A6E2FE2}.Release|x64.Build.0 = Release|x64
		{1C749C78-0BDC-4045-BCE0-5B22746C7838}.Debug|Win32.ActiveCfg = Debug|Win32
		{1C749C78-0BDC-4045-BCE0-5B22746C7838}.Debug|Win32.Build.0 = Debug|Win32
		{1C749C78-0BDC-4045-BCE0-5B22746C7838}.Debug|x64.ActiveCfg = Debug|x64
		{1C749C78-0BDC-4045-BCE0-5B22746C7838}.Debug|x64.Build.0 = Debug|x64
		{1C749C78-0BDC-4045-BCE0-5B22746C7838}.Release|Win32.ActiveCfg = Release|Win32
		{1C749C78-0BDC-4045-BCE0-5B22746C7838}.Release|Win32.Build.0 = Release|Win32
		{1C749C78-0BDC-4045-BCE0-5B22746C7838}.Release|x64.ActiveCfg = Release|x64
		{1C749C78-0BDC-4045-BCE0-5B22746C7838}.Release|x64.Build.0 = Release|x64
		{DE68ABAE-E596-4D89-962A-4ECFCAE309D6}.Debug|Win32.ActiveCfg = Debug|Win32
		{DE68ABAE-E596-4D89-962A-4ECFCAE309D6}.Debug|Win32.Build.0 = Debug|Win32
		{DE68ABAE-E596-4D89-962A-4ECFCAE309D6}.Debug|x64.ActiveCfg = Debug|x64
		{DE68ABAE-E596-4D89-962A-4ECFCAE309D6}.Debug|x64.Build.0 = Debug|x64
		{DE68ABAE-E596-4D89-962A-4ECFCAE309D6}.Release|Win32.ActiveCfg = Release|Win32
		{DE68ABAE-E596-4D89-962A-4ECFCAE309D6}.Release|Win32.Build.0 = Release|Win32
		{DE68ABAE-E596-4D89-962A-4ECFCAE309D6}.Release|x64.ActiveCfg = Release|x64
		{DE68ABAE-E596-4D89-962A-4ECFCAE309D6}.Release|x64.Build.0 = Release|x64
		{55DE4278-3CF2-461A-B545-D3C81211BAC9}.Debug|Win32.ActiveCfg = Debug|Win32
		{55DE4278-3CF2-461A-B545-D3C81211BAC9}.Debug|Win32.Build.0 = Debug|Win32
		{55DE4278-3CF2-461A-B545-D3C81211BAC9}.Debug|x64.ActiveCfg = Debug|x64
		{55DE4278-3CF2-461A-B545-D3C81211BAC9}.Debug|x64.Build.0 = Debug|x64
		{55DE4278-3CF2-461A-B545-D3C81211BAC9}.Release|Win32.ActiveCfg = Release|Win32
		{55DE4278-3CF2-461A-B545-D3C81211BAC9}.Release|Win32.Build.0 = Release|Win32
		{55DE4278-3CF2-461A-B545-D3C81211BAC9}.Release|x64.ActiveCfg = Release|x64
		{55DE4278-3CF2-461A-B545-D3C81211BAC9}.Release|x64.Build.0 = Release|x64
		{24EA6569-E117-4391-9537-5988A6DD0A62}.Debug|Win32.ActiveCfg = Debug|Win32
		{24EA6569-E117-4391-9537-5988A6DD0A62}.Debug|Win32.Build.0 = Debug|Win32
		{24EA6569-E117-4391-9537-5988A6DD0A62}.Debug|x64.ActiveCfg = Debug|x64
		{24EA6569-E117-4391-9537-5988A6DD0A62}.Debug|x64.Build.0 = Debug|x64
		{24EA6569-E117-4391-9537-5988A6DD0A62}.Release|Win32.ActiveCfg = Release|Win32
		{24EA6569-E117-4391-9537-5988A6DD0A62}.Release|Win32.Build.0 = Release|Win32
		{24EA6569-E117-4391-9537-5988A6DD0A62}.Release|x64.ActiveCfg = Release|x64
		{24EA6569-E117-4391-9537-5988A6DD0A62}.Release|x64.Build.0 = Release|x64
		{DD0DF367-0A55-44A3-BFF3-D55E9540A299}.Debug|Win32.ActiveCfg = Debug|Win32
		{DD0DF367-0A55-44A3-BFF3-D55E9540A299}.Debug|Win32.Build.0 = Debug|Win32
		{DD0DF367-0A55-44A3-BFF3-D55E9540A299}.Debug|x64.ActiveCfg = Debug|x64
		{DD0DF367-0A55-44A3-BFF3-D55E9540A299}.Debug|x64.Build.0 = Debug|x64
		{DD0DF367-0A55-44A3-BFF3-D55E9540A299}.Release|Win32.ActiveCfg = Release|Win32
		{DD0DF367-0A55-44A3-BFF3-D55E9540A299}.Release|Win32.Build.0 = Release|Win32
		{DD0DF367-0A55-44A3-BFF3-D55E9540A299}.Release|x64.ActiveCfg = Release|x64
		{DD0DF367-0A55-44A3-BFF3-D55E9540A299}.Release|x64.Build.0 = Release|x64
		{70D7EF23-0845-47D4-8E0E-6B7C2DADD45E}.Debug|Win32.ActiveCfg = Debug|Win32
		{70D7EF23-0845-47D4-8E0E-6B7C2DADD45E}.Debug|Win32.Build.0 = Debug|Win32
		{70D7EF23-0845-47D4-8E0E-6B7C2DADD45E}.Debug|x64.ActiveCfg = Debug|x64
		{70D7EF23-0845-47D4-8E0E-6B7C2DADD45E}.Debug|x64.Build.0 = Debug|x64
		{70D7EF23-0845-47D4-8E0E-6B7C2DADD45E}.Release|Win32.ActiveCfg = Release|Win32
		{70D7EF23-0845-47D4-8E0E-6B7C2DADD45E}.Release|Win32.Build.0 = Release|Win32
		{70D7EF23-0845-47D4-8E0E-6B7C2DADD45E}.Release|x64.ActiveCfg = Release|x64
		{70D7EF23-0845-47D4-8E0E-6B7C2DADD45E}.Release|x64.Build.0 = Release|x64
		{733A46C7-AF3F-4CC1-A06D-BD2773547D82}.Debug|Win32.ActiveCfg = Debug|Win32
		{733A46C7-AF3F-4CC1-A06D-BD2773547D82}.Debug|Win32.Build.0 = Debug|Win32
		{733A46C7-AF3F-4CC1-A06D-BD2773547D82}.Debug|x64.ActiveCfg = Debug|x64
		{733A46C7-AF3F-4CC1-A06D-BD2773547D82}.Debug|x64.Build.0 = Debug|x64
		{733A46C7-AF3F-4CC1-A06D-BD2773547D82}.Release|Win32.ActiveCfg = Release|Win32
		{733A46C7-AF3F-4CC1-A06D-BD2773547D82}.Release|Win32.Build.0 = Release|Win32
		{733A46C7-AF3F-4CC1-A06D-BD2773547D82}.Release|x64.ActiveCfg = Release|x64
		{733A46C7-AF3F-4CC1-A06D-BD2773547D82}.Release|x64.Build.0 = Release|x64
		{B4CAF387-3FCB-47FC-A7CA-EE363D31BB2F}.Debug|Win32.ActiveCfg = Debug|Win32
		{B4CAF387-3FCB-47FC-A7CA-EE363D31BB2F}.Debug|Win32.Build.0 = Debug|Win32
		{B4CAF387-3FCB-47FC-A7CA-EE363D31BB2F}.Debug|x64.ActiveCfg = Debug|x64
		{B4CAF387-3FCB-47FC-A7CA-EE363D31BB2F}.Debug|x64.Build.0 = Debug|x64
		{B4CAF387-3FCB-47FC-A7CA-EE363D31BB2F}.Release|Win32.ActiveCfg = Release|Win32
		{B4CAF387-3FCB-47FC-A7CA-EE363D31BB2F}.Release|Win32.Build.0 = Release|Win32
		{B4CAF387-3FCB-47FC-A7CA-EE363D31BB2F}.Release|x64.ActiveCfg = Release|x64
		{B4CAF387-3FCB-47FC-A7CA-EE363D31BB2F}.Release|x64.Build.0 = Release|x64
		{9A67C5B4-E549-4533-81E3-78D76A495EB0}.Debug|Win32.ActiveCfg = Debug|Win32
		{9A67C5B4-E549-4533-81E3-78D76A495EB0}.Debug|Win32.Build.0 = Debug|Win32
		{9A67C5B4-E549-4533-81E3-78D76A495EB0}.Debug|x64.ActiveCfg = Debug|x64
		{9A67C5B4-E549-4533-81E3-78D76A495EB0}.Debug|x64.Build.0 = Debug|x64
		{9A67C5B4-E549-4533-81E3-78D76A495EB0}.Release|Win32.ActiveCfg = Release|Win32
		{9A67C5B4-E549-4533-81E3-78D76A495EB0}.Release|Win32.Build.0 = Release|Win32
		{9A67C5B4-E549-4533-81E3-78D76A495EB0}.Release|x64.ActiveCfg = Release|x64
		{9A67C5B4-E549-4533-81E3-78D76A495EB0}.Release|x64.Build.0 = Release|x64
		{9E711015-AD53-41FA-9790-B12680C49CC9}.Debug|Win32.ActiveCfg = Debug|Win32
		{9E711015-AD53-41FA-9790-B12680C49CC9}.Debug|Win32.Build.0 = Debug|Win32
		{9E711015-AD53-41FA-9790-B12680C49CC9}.Debug|x64.ActiveCfg = Debug|x64
		{9E711015-AD53-41FA-9790-B12680C49CC9}.Debug|x64.Build.0 = Debug|x64
		{9E711015-AD53-41FA-9790-B12680C49CC9}.Release|Win32.ActiveCfg = Release|Win32
		{9E711015-AD53-41FA-9790-B12680C49CC9}.Release|Win32.Build.0 = Release|Win32
		{9E711015-AD53-41FA-9790-B12680C49CC9}.Release|x64.ActiveCfg = Release|x64
		{9E711015-AD53-41FA-9790-B12680C49CC9}.Release|x64.Build.0 = Release|x64
		{22738B8A-B93A-459A-87FE-0ACEAF14426F}.Debug|Win32.ActiveCfg = Debug|Win32
		{22738B8A-B93A-459A-87FE-0ACEAF14426F}.Debug|Win32.Build.0 = Debug|Win32
		{22738B8A-B93A-459A-87FE-0ACEAF14426F}.Debug|x64.ActiveCfg = Debug|x64
		{22738B8A-B93A-459A-87FE-0ACEAF14426F}.Debug|x64.Build.0 = Debug|x64
		{22738B8A-B93A-459A-87FE-0ACEAF14426F}.Release|Win32.ActiveCfg = Release|Win32
		{22738B8A-B93A-459A-87FE-0ACEAF14426F}.Release|Win32.Build.0 = Release|Win32
		{22738B8A-B93A-459A-87FE-0ACEAF14426F}.Release|x64.ActiveCfg = Release|x64
		{22738B8A-B93A-459A-87FE-0ACEAF14426F}.Release|x64.Build.0 = Release|x64
		{22D883B3-124B-48D4-B6E7-C55466EF7179}.Debug|Win32.ActiveCfg = Debug|Win32
		{22D883B3-124B-48D4-B6E7-C55466EF7179}.Debug|Win32.Build.0 = Debug|Win32
		{22D883B3-124B-48D4-B6E7-C55466EF7179}.Debug|x64.ActiveCfg = Debug|x64
		{22D883B3-124B-48D4-B6E7-C55466EF7179}.Debug|x64.Build.0 = Debug|x64
		{22D883B3-124B-48D4-B6E7-C55466EF7179}.Release|Win32.ActiveCfg = Release|Win32
		{22D883B3-124B-48D4-B6E7-C55466EF7179}.Release|Win32.Build.0 = Release|Win32
		{22D883B3-124B-48D4-B6E7-C55466EF7179}.Release|x64.ActiveCfg = Release|x64
		{22D883B3-124B-48D4-B6E7-C55466EF7179}.Release|x64.Build.0 = Release|x64
	EndGlobalSection
	GlobalSection(SolutionProperties) = preSolution
		HideSolutionNode = FALSE
	EndGlobalSection
	GlobalSection(NestedProjects) = preSolution
		{80FBFE8B-75A6-4924-AE43-5D073763DBEC} = {0E70AE08-D4B0-439F-8C16-D369EC2AC6D3}
		{FFA9FA1D-7EA3-4CE8-93D8-C1C3D3AB9D79} = {F9B06DE6-3843-4950-9076-A53410B90D1C}
		{BBA9D863-2412-4905-B155-AD728330B34C} = {F9B06DE6-3843-4950-9076-A53410B90D1C}
		{87D42184-1C22-4F9C-B7D0-6F29C7FC8DD6} = {80FBFE8B-75A6-4924-AE43-5D073763DBEC}
		{018E53F7-9C25-4882-893B-E329C30D1785} = {80FBFE8B-75A6-4924-AE43-5D073763DBEC}
		{145F3822-E479-432D-BE14-AFF7177B5D96} = {80FBFE8B-75A6-4924-AE43-5D073763DBEC}
		{0E70AE08-D4B0-439F-8C16-D369EC2AC6D3} = {F9B06DE6-3843-4950-9076-A53410B90D1C}
		{32D936EF-E772-471E-A452-5461C4C9C308} = {F9B06DE6-3843-4950-9076-A53410B90D1C}
		{1335D42A-0355-47A2-ACF4-29804094EA75} = {F9B06DE6-3843-4950-9076-A53410B90D1C}
		{CD2E37CA-43A3-441F-BABC-802E5A6E2FE2} = {1335D42A-0355-47A2-ACF4-29804094EA75}
		{1C749C78-0BDC-4045-BCE0-5B22746C7838} = {87D42184-1C22-4F9C-B7D0-6F29C7FC8DD6}
		{DE68ABAE-E596-4D89-962A-4ECFCAE309D6} = {87D42184-1C22-4F9C-B7D0-6F29C7FC8DD6}
		{55DE4278-3CF2-461A-B545-D3C81211BAC9} = {145F3822-E479-432D-BE14-AFF7177B5D96}
		{24EA6569-E117-4391-9537-5988A6DD0A62} = {145F3822-E479-432D-BE14-AFF7177B5D96}
		{DD0DF367-0A55-44A3-BFF3-D55E9540A299} = {145F3822-E479-432D-BE14-AFF7177B5D96}
		{70D7EF23-0845-47D4-8E0E-6B7C2DADD45E} = {145F3822-E479-432D-BE14-AFF7177B5D96}
		{733A46C7-AF3F-4CC1-A06D-BD2773547D82} = {FFA9FA1D-7EA3-4CE8-93D8-C1C3D3AB9D79}
		{B4CAF387-3FCB-47FC-A7CA-EE363D31BB2F} = {FFA9FA1D-7EA3-4CE8-93D8-C1C3D3AB9D79}
		{9A67C5B4-E549-4533-81E3-78D76A495EB0} = {FFA9FA1D-7EA3-4CE8-93D8-C1C3D3AB9D79}
		{9E711015-AD53-41FA-9790-B12680C49CC9} = {FFA9FA1D-7EA3-4CE8-93D8-C1C3D3AB9D79}
		{22738B8A-B93A-459A-87FE-0ACEAF14426F} = {BBA9D863-2412-4905-B155-AD728330B34C}
		{22D883B3-124B-48D4-B6E7-C55466EF7179} = {BBA9D863-2412-4905-B155-AD728330B34C}
	EndGlobalSection
	GlobalSection(ExtensibilityGlobals) = postSolution
		SolutionGuid = {2B103CB3-DE70-4B2C-B3CC-91CC254B5A9A}
	EndGlobalSection
EndGlobal
