<?xml version="1.0" encoding="utf-8"?>
<Project ToolsVersion="4.0" xmlns="http://schemas.microsoft.com/developer/msbuild/2003">
  <ItemGroup>
    <Filter Include="Application">
      <UniqueIdentifier>{f4ec8976-a29e-45e2-a3a2-b41d20c8f382}</UniqueIdentifier>
    </Filter>
    <Filter Include="Model">
      <UniqueIdentifier>{eff37a87-bb69-4b01-8da9-d86935a02d43}</UniqueIdentifier>
    </Filter>
    <Filter Include="View">
      <UniqueIdentifier>{c53d8b25-7316-4516-8147-9b0b8c4aeb76}</UniqueIdentifier>
    </Filter>
    <Filter Include="Common">
      <UniqueIdentifier>{c3479098-116b-4c01-8d84-4401e379ec39}</UniqueIdentifier>
    </Filter>
    <Filter Include="Common\Resource">
      <UniqueIdentifier>{84d62fdc-ea09-41fa-8cd8-35f7473dbf46}</UniqueIdentifier>
    </Filter>
  </ItemGroup>
  <ItemGroup>
    <ClCompile Include="Application\App.cpp">
      <Filter>Application</Filter>
    </ClCompile>
    <ClCompile Include="Application\PreCompile.cpp">
      <Filter>Application</Filter>
    </ClCompile>
    <ClCompile Include="Application\Program.cpp">
      <Filter>Application</Filter>
    </ClCompile>
  </ItemGroup>
  <ItemGroup>
    <ClInclude Include="Application\App.h">
      <Filter>Application</Filter>
    </ClInclude>
    <ClInclude Include="Application\PreCompile.h">
      <Filter>Application</Filter>
    </ClInclude>
  </ItemGroup>
</Project>