<?xml version="1.0" encoding="utf-8"?>
<Project ToolsVersion="4.0" xmlns="http://schemas.microsoft.com/developer/msbuild/2003">
  <ItemGroup>
    <Filter Include="Include">
      <UniqueIdentifier>{a973a571-38eb-4d0e-9d11-1a8b700479a7}</UniqueIdentifier>
    </Filter>
    <Filter Include="Src">
      <UniqueIdentifier>{5413892e-ccb8-489a-83e2-0040fe7efafc}</UniqueIdentifier>
    </Filter>
  </ItemGroup>
  <ItemGroup>
    <ClInclude Include="Include\PreCompile.h">
      <Filter>Include</Filter>
    </ClInclude>
    <ClInclude Include="Include\targetver.h">
      <Filter>Include</Filter>
    </ClInclude>
    <ClInclude Include="Include\LocalDB.h">
      <Filter>Include</Filter>
    </ClInclude>
  </ItemGroup>
  <ItemGroup>
    <ClCompile Include="Src\dllmain.cpp">
      <Filter>Src</Filter>
    </ClCompile>
    <ClCompile Include="Src\PreCompile.cpp">
      <Filter>Src</Filter>
    </ClCompile>
    <ClCompile Include="Src\LocalDB.cpp">
      <Filter>Src</Filter>
    </ClCompile>
  </ItemGroup>
</Project>