<?xml version="1.0" encoding="utf-8"?>
<Project ToolsVersion="4.0" xmlns="http://schemas.microsoft.com/developer/msbuild/2003">
  <ItemGroup>
    <Filter Include="Src">
      <UniqueIdentifier>{4FC737F1-C7A5-4376-A066-2A32D752A2FF}</UniqueIdentifier>
      <Extensions>cpp;c;cc;cxx;def;odl;idl;hpj;bat;asm;asmx</Extensions>
    </Filter>
    <Filter Include="Include">
      <UniqueIdentifier>{91996911-13c5-4a1c-ba78-42e94a5f34ad}</UniqueIdentifier>
    </Filter>
  </ItemGroup>
  <ItemGroup>
    <ClInclude Include="Include\PreCompile.h">
      <Filter>Include</Filter>
    </ClInclude>
    <ClInclude Include="Include\targetver.h">
      <Filter>Include</Filter>
    </ClInclude>
    <ClInclude Include="Include\MicroCore.h">
      <Filter>Include</Filter>
    </ClInclude>
  </ItemGroup>
  <ItemGroup>
    <ClCompile Include="Src\dllmain.cpp">
      <Filter>Src</Filter>
    </ClCompile>
    <ClCompile Include="Src\PreCompile.cpp">
      <Filter>Src</Filter>
    </ClCompile>
    <ClCompile Include="Src\MicroCore.cpp">
      <Filter>Src</Filter>
    </ClCompile>
  </ItemGroup>
</Project>